
Microsoft Visual Studio Solution File, Format Version 12.00
# Visual Studio Version 16
VisualStudioVersion = 16.0.31019.35
MinimumVisualStudioVersion = 10.0.40219.1
Project("{FAE04EC0-301F-11D3-BF4B-00C04F79EFBC}") = "CursoEFCore", "CursoEFCore\CursoEFCore.csproj", "{2E1233B3-AB5A-48D9-A9C7-FCC80D8BBC54}"
EndProject
Global
	GlobalSection(SolutionConfigurationPlatforms) = preSolution
		Debug|Any CPU = Debug|Any CPU
		Release|Any CPU = Release|Any CPU
	EndGlobalSection
	GlobalSection(ProjectConfigurationPlatforms) = postSolution
		{2E1233B3-AB5A-48D9-A9C7-FCC80D8BBC54}.Debug|Any CPU.ActiveCfg = Debug|Any CPU
		{2E1233B3-AB5A-48D9-A9C7-FCC80D8BBC54}.Debug|Any CPU.Build.0 = Debug|Any CPU
		{2E1233B3-AB5A-48D9-A9C7-FCC80D8BBC54}.Release|Any CPU.ActiveCfg = Release|Any CPU
		{2E1233B3-AB5A-48D9-A9C7-FCC80D8BBC54}.Release|Any CPU.Build.0 = Release|Any CPU
	EndGlobalSection
	GlobalSection(SolutionProperties) = preSolution
		HideSolutionNode = FALSE
	EndGlobalSection
	GlobalSection(ExtensibilityGlobals) = postSolution
		SolutionGuid = {51CF32BF-8124-4B10-9DC0-E6945A8F2738}
	EndGlobalSection
EndGlobal
